
Microsoft Visual Studio Solution File, Format Version 12.00
# Visual Studio 14
VisualStudioVersion = 14.0.25420.1
MinimumVisualStudioVersion = 10.0.40219.1
Project("{FAE04EC0-301F-11D3-BF4B-00C04F79EFBC}") = "Nitroh.Mono", "Nitroh.Mono\Nitroh.Mono.csproj", "{13E4CCCC-CD04-4BB5-B6DB-9726ECDE53A9}"
EndProject
Project("{2150E333-8FDC-42A3-9474-1A3956D46DE8}") = "Solution Items", "Solution Items", "{BDFA8647-1057-461E-9127-883BCC099971}"
	ProjectSection(SolutionItems) = preProject
		SolutionItems\SharedAssemblyInfo.cs = SolutionItems\SharedAssemblyInfo.cs
	EndProjectSection
EndProject
Project("{FAE04EC0-301F-11D3-BF4B-00C04F79EFBC}") = "Nitroh.Aayla", "Nitroh.Aayla\Nitroh.Aayla.csproj", "{C91742BA-7621-4AA6-8ADE-F35E24CEBDC0}"
EndProject
Project("{FAE04EC0-301F-11D3-BF4B-00C04F79EFBC}") = "Nitroh.Windows", "Nitroh.Windows\Nitroh.Windows.csproj", "{720273A6-A653-4EFD-963C-AB5A782F3925}"
EndProject
Project("{FAE04EC0-301F-11D3-BF4B-00C04F79EFBC}") = "Nitroh.Mono.Hearthstone", "Nitroh.Mono.Hearthstone\Nitroh.Mono.Hearthstone.csproj", "{2CF890F5-4D81-4705-AE29-5F1D7FAAD4BA}"
EndProject
Project("{FAE04EC0-301F-11D3-BF4B-00C04F79EFBC}") = "Nitroh.Aayla.CollectionCsvScript", "Nitroh.Aayla.CollectionCsvScript\Nitroh.Aayla.CollectionCsvScript.csproj", "{75D09E1A-89D4-49C5-BFCA-B6573B0DE180}"
EndProject
Project("{FAE04EC0-301F-11D3-BF4B-00C04F79EFBC}") = "Nitroh.Aayla.Hearthstone.Data", "Nitroh.Aayla.Hearthstone.Data\Nitroh.Aayla.Hearthstone.Data.csproj", "{96867CC0-A49A-4BFA-8865-91BDC933DB5B}"
EndProject
Project("{FAE04EC0-301F-11D3-BF4B-00C04F79EFBC}") = "Nitroh.Aayla.Dtos", "Nitroh.Aayla.Dtos\Nitroh.Aayla.Dtos.csproj", "{34004BD3-CA1C-4E5B-A176-2FE573000D70}"
EndProject
Global
	GlobalSection(SolutionConfigurationPlatforms) = preSolution
		Debug|Any CPU = Debug|Any CPU
		Release|Any CPU = Release|Any CPU
	EndGlobalSection
	GlobalSection(ProjectConfigurationPlatforms) = postSolution
		{13E4CCCC-CD04-4BB5-B6DB-9726ECDE53A9}.Debug|Any CPU.ActiveCfg = Debug|Any CPU
		{13E4CCCC-CD04-4BB5-B6DB-9726ECDE53A9}.Debug|Any CPU.Build.0 = Debug|Any CPU
		{13E4CCCC-CD04-4BB5-B6DB-9726ECDE53A9}.Release|Any CPU.ActiveCfg = Release|Any CPU
		{13E4CCCC-CD04-4BB5-B6DB-9726ECDE53A9}.Release|Any CPU.Build.0 = Release|Any CPU
		{C91742BA-7621-4AA6-8ADE-F35E24CEBDC0}.Debug|Any CPU.ActiveCfg = Debug|Any CPU
		{C91742BA-7621-4AA6-8ADE-F35E24CEBDC0}.Debug|Any CPU.Build.0 = Debug|Any CPU
		{C91742BA-7621-4AA6-8ADE-F35E24CEBDC0}.Release|Any CPU.ActiveCfg = Release|Any CPU
		{C91742BA-7621-4AA6-8ADE-F35E24CEBDC0}.Release|Any CPU.Build.0 = Release|Any CPU
		{720273A6-A653-4EFD-963C-AB5A782F3925}.Debug|Any CPU.ActiveCfg = Debug|Any CPU
		{720273A6-A653-4EFD-963C-AB5A782F3925}.Debug|Any CPU.Build.0 = Debug|Any CPU
		{720273A6-A653-4EFD-963C-AB5A782F3925}.Release|Any CPU.ActiveCfg = Release|Any CPU
		{720273A6-A653-4EFD-963C-AB5A782F3925}.Release|Any CPU.Build.0 = Release|Any CPU
		{2CF890F5-4D81-4705-AE29-5F1D7FAAD4BA}.Debug|Any CPU.ActiveCfg = Debug|Any CPU
		{2CF890F5-4D81-4705-AE29-5F1D7FAAD4BA}.Debug|Any CPU.Build.0 = Debug|Any CPU
		{2CF890F5-4D81-4705-AE29-5F1D7FAAD4BA}.Release|Any CPU.ActiveCfg = Release|Any CPU
		{2CF890F5-4D81-4705-AE29-5F1D7FAAD4BA}.Release|Any CPU.Build.0 = Release|Any CPU
		{75D09E1A-89D4-49C5-BFCA-B6573B0DE180}.Debug|Any CPU.ActiveCfg = Debug|Any CPU
		{75D09E1A-89D4-49C5-BFCA-B6573B0DE180}.Debug|Any CPU.Build.0 = Debug|Any CPU
		{75D09E1A-89D4-49C5-BFCA-B6573B0DE180}.Release|Any CPU.ActiveCfg = Release|Any CPU
		{75D09E1A-89D4-49C5-BFCA-B6573B0DE180}.Release|Any CPU.Build.0 = Release|Any CPU
		{96867CC0-A49A-4BFA-8865-91BDC933DB5B}.Debug|Any CPU.ActiveCfg = Debug|Any CPU
		{96867CC0-A49A-4BFA-8865-91BDC933DB5B}.Debug|Any CPU.Build.0 = Debug|Any CPU
		{96867CC0-A49A-4BFA-8865-91BDC933DB5B}.Release|Any CPU.ActiveCfg = Release|Any CPU
		{96867CC0-A49A-4BFA-8865-91BDC933DB5B}.Release|Any CPU.Build.0 = Release|Any CPU
		{34004BD3-CA1C-4E5B-A176-2FE573000D70}.Debug|Any CPU.ActiveCfg = Debug|Any CPU
		{34004BD3-CA1C-4E5B-A176-2FE573000D70}.Debug|Any CPU.Build.0 = Debug|Any CPU
		{34004BD3-CA1C-4E5B-A176-2FE573000D70}.Release|Any CPU.ActiveCfg = Release|Any CPU
		{34004BD3-CA1C-4E5B-A176-2FE573000D70}.Release|Any CPU.Build.0 = Release|Any CPU
	EndGlobalSection
	GlobalSection(SolutionProperties) = preSolution
		HideSolutionNode = FALSE
	EndGlobalSection
EndGlobal
